{
    "_meta": {
        "hash": {
            "sha256": "747af6fb2c53582db270de42c9f1c53bd14df96d8f4c221bb298340455b4b4cc"
        },
        "pipfile-spec": 6,
        "requires": {
            "python_version": "3.13"
        },
        "sources": [
            {
                "name": "pypi",
                "url": "https://pypi.org/simple",
                "verify_ssl": true
            }
        ]
    },
    "default": {
        "cutadapt": {
            "hashes": [
                "sha256:00340bf3317016e3e426d41d96909985ec8a4bc69ae362d5a460f4695f5f65ba",
                "sha256:04c1f6cc061dc028f7f87114b52b3290a4b67e874e6a5d00e9de9714bb38b091",
                "sha256:0e87d12e1733482fa7b16d6316781856dc41d5c5e2f41ab6b5dda062847a988a",
                "sha256:1a0ddb7636b70eea79f053de755734911623c8e0ec55ae609560011cdcff09e8",
                "sha256:35105663ed27981ac3564e8fae94d7b0abc68244e5c3dd29dd2ecbc49acf2106",
                "sha256:3cd0aa54b68f566ab731c1f5f0dc43b4b16c9efec2f3c3731c42a2693de71fe5",
                "sha256:432e94f506d5d736677d2e9594e5c396159a9337e05b8f7011d71055a48ec31e",
                "sha256:6bc76345c0a45f6b680cb1164e48eb1f81815c764ec471284ab6234c6653b937",
                "sha256:7729688aa5ff671ed03b26d58f8e5382f6bf08d7444895a20031089c6da37798",
                "sha256:87e1c3e49a38ea350375508d018a804d0720cb372b32d0fbb88d430bd9ece4b6",
                "sha256:8c72b1ee8abe8bfc99f3ef6b96135790753d82121771767524d7cd62a7ec35df",
                "sha256:8e6e68896d8c4068aab0da7d1c53bc5fc5d7d6d7f1b785f5e2e68ffd7aacd663",
                "sha256:8f406fed8c17126324e90b663425592836ff6298a52dddd38f8acd1ed11b4b8b",
                "sha256:a59d435a4dbad5f3ac12ec59bf63bbe134d7e0247a390934605d072a64752fba",
                "sha256:c71de55657d06b1b746363deb11773affe9b7bb127a3e74056f8dcd9b479222f",
                "sha256:c805e7c934c7ddddd7d18ecfc9152b6fb4b2e484ccc3dd47589dcfa492df33b4",
                "sha256:ca1a778763efac49654cf5d26f9799a4cbd1ba03562353a8389ec2a6e228dca1",
                "sha256:cfe6e392edcf1610c8c8acbb4dd4dfe841f70a9a4b108c26ee382dabde8940b0",
                "sha256:d4728034fab21cc7529e37691c34057d053d89967868f5a2cc217c3eb5cbb638",
                "sha256:df20e6cd6cb8c7f292b1e848b8f34e4cdd26ebef3022ab972f06368ac1b97e9c",
                "sha256:f2ae8f7e1ce7f0d2628d9114636e075c846f7b877a8d25a0d721c7981910b181"
            ],
            "index": "pypi",
            "markers": "python_version >= '3.9'",
            "version": "==5.1"
        },
        "cython": {
            "hashes": [
                "sha256:05b7ede0b0eb1c6b9bd748fa67c5ebf3c3560d04d7c8a1486183ddd099de5a00",
                "sha256:0a9334d137bd42fca34b6b413063e19c194ba760846f34804ea1fb477cbe9a88",
                "sha256:156ae92bedcd8261b5259724e2dc4d8eb12ac29159359e34c8358b65d24430ac",
                "sha256:247d585d8e49f002e522f3420751a4b3da0cf8532ef64d382e0bc9b4c840642c",
                "sha256:27f58d0dd53a8ffb614814c725d3ee3f136e53178611f7f769ff358f69e50502",
                "sha256:2a2f2fb9b1c0a4a3890713127fba55a38d2cf1619b2570c43c92a93fee80111a",
                "sha256:2e1e5d62f15ea4fa4a8bc76e4fcc2ea313a8afe70488b7b870716bcfb12b8246",
                "sha256:3cd717eee52072be8244bb07f0e4126f893214d2dfd1ba8b38b533e1ffec4f8a",
                "sha256:3da42ef5b71674e4864b6afbe1bcacba75807684e22b6337f753cf297ae4e2d2",
                "sha256:402307ad6fd209816cf539680035ef79cce171288cb98f81f3f11ea8ef3afd99",
                "sha256:417703dc67c447089258ab4b3d217f9c03894574e4a0d6c50648a208bc8352bb",
                "sha256:445e092708c26b357c97b3c68ea3eab31846fc9c1360bb150225f340c20322ec",
                "sha256:511f3adfb2db4db2eb882f892525db18a3a21803830474d2fa8b7a1a0f406985",
                "sha256:516abc754f15b84d6a8e71c8abd90e10346ea86001563480f0be1b349d09c6b8",
                "sha256:520c50d1875627c111900d7184fd658e32967a3ef807dc2fbc252e384839cbcf",
                "sha256:537bc1e0ed9bf7289c80f39a9a9359f5649068647631996313f77ba57afde40b",
                "sha256:563a02ea675ed6321d6257df067c89f17b89a63487ef8b9ce0d598e88e7ff0bd",
                "sha256:5a47974f3ebccf25702ffdd569904f7807ea1ef0830987c133877fabefdc4bab",
                "sha256:5cdd65f7d85e15f1662c75d85d837c20d5c68acdd1029bfd08fb44c4422d7d9b",
                "sha256:6c19e2ba027d2e9e2d88a08aa6007344be781ed99bc0924deb237ec52ca14c09",
                "sha256:6e381fa0bf08b3c26ec2f616b19ae852c06f5750f4290118bf986b6f85c8c527",
                "sha256:75541567a2de1f893d247a7f9aa300dff5662fb33822a5fb75bc9621369b8ef0",
                "sha256:8841158f274896702afe732571d37be22868a301275f952f6280547b25280538",
                "sha256:94859c3fd90767995b33d803edecad21e73749823db468d34f21e80451a11a99",
                "sha256:99477c1d4a105a562c05d43cc01905b6711f0a6a558d90f20c7aee0fb23d59d5",
                "sha256:9e54b4bee55fec952333126147b89c195ebe1d60e8e492ec778916ca5ca03151",
                "sha256:a1ad51612ff6cfe05cd58f584f01373d64906bb0c860a067c6441359ff10464f",
                "sha256:acab11c834cbe8fb7b71f9f7b4c4655afd82ffadb1be93d5354a67702fcee69d",
                "sha256:b63ea04db03190dc8b25d167598989be5c1fe9fc3121d7802c0aafc8a4ec383f",
                "sha256:ba534e07543b44fb5ae37e56e61072ed1021b2d6ed643dbb92afa8239a04aa83",
                "sha256:be7e1f98a359408186025f84d28d243e4527acb976f06b8ae8441dc5db204280",
                "sha256:c17c876db737e1183d18d23db9cc31a9f565c113a32523c672af72f6497e382f",
                "sha256:c1d7a9ff809fa9b4a9fe04df86c9f7f574ca31c2ad896462a97ea89523db286a",
                "sha256:c38e2c1e94b596132454b29757536d5afa810011d8bcb86918cc6693d2302940",
                "sha256:c44bb47b314abc743705c7d038d351ffc3a34b95ab59b04b8cb27cf781b44ae8",
                "sha256:c4cd7de707938b8385cd1f88e1446228fbfe09af7822fa13877a4374c4881198",
                "sha256:db695a19968a54b9ac53048c723234b4f0db7409def0a5c5517237202e7a9b92",
                "sha256:e7b1901b03c37a082ba405e2cf73a57091e835c7af35f664f9dd1d855a992ad5",
                "sha256:ea1c166336188630cd3e48aea4bbe06ea1bab444624e31c78973fffcae1cf708",
                "sha256:ef2fc6f81aa8fb512535b01199fbe0d0ecafb8a29f261055e4b3f103c7bd6c75",
                "sha256:fb8c11cd3e2d5ab7c2da78c5698e527ecbe469437326811562a3fbf4c5780ae4"
            ],
            "index": "pypi",
            "markers": "python_version >= '2.6' and python_version not in '3.0, 3.1, 3.2, 3.3'",
            "version": "==0.29.35"
        },
        "dnaio": {
            "hashes": [
                "sha256:027f1510cc23dd5e7bdab79101b5d3f052176b7ea9f583149812cc2c37cc02cb",
                "sha256:178bfef7a27851ef3859b6d32869a583d455fc35ab604824ad280eceedb84e72",
                "sha256:29a198dd72360c6b94cd81ff8885df5236479902c1bf3b5d0528999213d2a64d",
                "sha256:54949388265c5270c51261d31ffe432618cf5f303acbb7fd6a2a79c9f7e56fa2",
                "sha256:54d831754ea8f068ddde43e58ba3b7a47128298b3996614f343709084bddb517",
                "sha256:58e7fdb533d3794fb26f49b0c84f3b97c2a85be8cad6078abdfd76726b4f1109",
                "sha256:5f837e739c3d11bee85d99587e38c87a1d9714b1801bb440d6a6d91ac5ccd27e",
                "sha256:68a1c0acd6b5e7ca8bb6e6b29156f3e140c5fbbdfca9976eae64a709e95f0888",
                "sha256:700e7f0e7173aa99b2c0fcd2dc95846410113ae2a30d2f5d7fa3908622836f3d",
                "sha256:7b2a96134264b18d8c6edc7755326aa44cc262b5a0274b28d6f6b28d620ca843",
                "sha256:8d712301c0eeff8f93bb2c01faadf0d9b8439fd3164ef15d6b4a4f7cdddcf906",
                "sha256:9bd4a9398919e84eff095db850cf106017c9ddb66ff421fd2626512f072362eb",
                "sha256:9e24efa2db5618bf11fbd51ea8d482a911afbee2655d76328cd6874af2a1cb71",
                "sha256:a7e0a9e66ccae3ab936b80305a27b29a282e8b0756d000fa5ce88cb782cb8a7a",
                "sha256:aad456d9f6272339958b2c5af32fd64d77a50aca12e394e7a143b4129d49b0b9",
                "sha256:acc683a09afd9aef6ffa1d6c76a60a66830f82405d3320330e54565a847b628b",
                "sha256:b61eb54d3dbf66069af3d37981f50af84e3fe1301ca20218cbab5b515a32c45b",
                "sha256:de46e4323c7b2516c4b4fdd5738e73853a1b4238880f772e78d819a8bb55fc82",
                "sha256:e95a6c391b9cd2cefb8aee04fe59fee9de64bbe2a4e8d18d0d4d33a6f5045b6c",
                "sha256:f43d36490361bf35a90b0735fe235a423337cfa96d291f50e3cbf6ad3b2d26a2",
                "sha256:f6b5e6c72221f09a087079161aa045770465e0b787ad7a5cd3868116443c97a9"
            ],
            "markers": "python_version >= '3.9'",
            "version": "==1.2.3"
        },
        "isal": {
            "hashes": [
                "sha256:000af1211611bc2cb9afaf5e732621dc76b75c1784e5ac5c751488cda0681d72",
                "sha256:025b59a57198df5afe31e521a46f4fdabef1e69ae15fc8760997158a8942c33a",
                "sha256:026c1b000a025477f8e12f11ce23d1491c6787eb42211cdf39ed8f0b367433dd",
                "sha256:08f34a4e24135f58ae3a37955b47f4abe0e473ed8b8427d15d01bf58c4e906f1",
                "sha256:118c24a3be0427f51dc332d2600a557ab0ab9156798d7572ec3260bd5cdd893a",
                "sha256:119d9fe8e1568b387f2ba1ba9524870990b9038a9b08050eaff8bd442e9c837a",
                "sha256:1d0db6d7a0c7258cdf4bd08471b87e8db4e530462f1c7c54496953598a3ee2f2",
                "sha256:1ff2720ca50d7d37182ec29e9294f5b3f7931af92cca5648bda78f69e5af2387",
                "sha256:28540bcb829e4fb7b29fc6842dc48f6d1b7a80704199f642653cddb4a4d9e23e",
                "sha256:2ab1354224036fc7600cb14ab8451f19f60c5015750364823b5e5217f43617e5",
                "sha256:2b1574aa9607d6f3f663b5221f062b5c12f0938a5f594cf7ab2f253cd84636fb",
                "sha256:2ec5b66990bdd8e2cd615e0516632479674698e17b5ef1b50a3fa36430dbe27c",
                "sha256:39f823814eefe7565cc371b6ac94227ef83f3bf7c6177f50a9b80e434239b8db",
                "sha256:418d46975aea60b4cbbe4400ddd01ad5a88d6cd880a22fc102fa537abb97ffd5",
                "sha256:424b7d89006ced8d7525f4b3a37e14debeb9b52f950d6e0e2bf9c24f515948c1",
                "sha256:55f6c0eb6eb92b2ebb36d288cd936ab8c0da0151a3f1e80b547c4815203e70b1",
                "sha256:62b4d437ff2c0c7020596e48e8e44f50fedf299edb2e697c538248a5831a3929",
                "sha256:636f362a29a4eb60f81805bcc6fcf657fca0aa87270ddbabaa40350b3e02066d",
                "sha256:645c08343a2dccb269a72c9970911f63eb7e6a222d6c0f4f73a590ceff59c9a5",
                "sha256:76759a5b32effc97718cb02ce14a1af02dcdd14858720b1d95d767e4a9335c10",
                "sha256:7823f96dbba215c789de8a8e3f396427a40bbe5c93d0d57dd0b33bb7bb57e01f",
                "sha256:78741b371b7d71b2ef96748d5e8d94e2aa9a62a44ad37acb0fd75854e77ee845",
                "sha256:7bf99fe6e683439d198038f2404c98efd9ec0f7921700c6a26a35fd089ee468d",
                "sha256:8112f115b283b094be07cfd384d732cb952623abd5af12fa4f74d2c8033cf625",
                "sha256:852d66386ce1946cfc72ea324f43fd2e3ab666e71bae7e1bcdab74a174a954c0",
                "sha256:8fec92f33fe2764753e8dcd40df55a91ebc492607da47ad2efa444a60947350c",
                "sha256:909ca4b841024174a43041441b612a65ab67cdc24beac1ca6f35ef227918c2a7",
                "sha256:9158b8fcb22b897ccbe4d3b35635db851308a18c2fb3dfe270c21c06432b6818",
                "sha256:920269a10aa60a6789172fcc3ebc4a01f43c135e1ccefab7f1796420762383ac",
                "sha256:9a6895921d14f9dba88f6611cb7154b5ef710a7d7346f37753c7379e21250d33",
                "sha256:9bbdd4bc0e4095c49f6b6eda502bc9e02c3a22f443600bd506a8dbc1bf56f67c",
                "sha256:9be40fee8180aeb357fa3a10f326bd813bd9b19a31d4198b1e9c436052725d15",
                "sha256:a0a9b3f2eee09741a59e4bce74ba4b7592b1df027a69308a8dc44d6a5cde3f64",
                "sha256:a43d453d80e779ae94b8669a09cd1aa9edc22821e2593ca05df5446d2dd4a32c",
                "sha256:a83ce5387715f43880a7f337d60c9f1e3933bd95df48b389885299e9baa618bc",
                "sha256:ad702128d4bf0a65ceb5d0322c303819dd3c6a3ee44b16439f6ef9da74eef336",
                "sha256:aeac63e10ee15a2f2d2289373ec2964b6ca69a1bca7fe61456b6884581fd5f1f",
                "sha256:b0dea61911292de1e3a1b4f10278a6a706d403ea2fb332ca9c6adc71d3eec835",
                "sha256:b6dbb7accc8526cd164eacffec3c117d2a9ff4b03655838346378bf55552c691",
                "sha256:b72552f1f5cf4e622ab8013e837d1264bd1525b7b7e3b282f5055029670325ab",
                "sha256:b9ebb537ba80b1df7bae549a82d33fbdee692ec8b39664df05a1005c3e7cd1d8",
                "sha256:ba30d550a6f651c1c72234c49afe7f6e9c3bebc7299df207e67d3ff381300f37",
                "sha256:ba83603d9058be292a01efb857de817a0553b4295268ebbc927b6060a664d3cc",
                "sha256:c0b403f9b74ff3562e36a74e7671a7f628c6f49a609b45c04e89c2a448e576ad",
                "sha256:c11e1b32669ddbcd5a1e4cc609cce34cf2481333045e4b6076134b7ed5c83605",
                "sha256:c4ae4d8f51fb91a225ad0e1f1f76d338e5b47329526013c0f5e7a5055d98eec0",
                "sha256:c6a4f6652590ca238a864648f9933b366fa5ae664df56c5e5862ff29dd0c69db",
                "sha256:c990b5736047d1d075b0986470345323a3602024d9ae45356d6b29e900674694",
                "sha256:d9597c8c21ba182fda004b6c067de776b2fb31eac2f60b62bc5e0f8dd71a9f0a",
                "sha256:dc05ecfe3c2443cb43022de26a46cb134c3b24b353cece5b2d95a5d399490686",
                "sha256:dd12bb9b2b8ad360f8c1d88126c8855cf04d20162d1b3fa1620be587cdee1774",
                "sha256:e39958725f68ba15f430d24fce15a3ad90d41b50af161da86bf98fd72bfff164",
                "sha256:e4c126cbe046bc7a4a10692ed306e9533e4b1c6672443eee21a20482a730c341",
                "sha256:e5d51dafe103417183d56a921f8c204800b68221ea54cf300e555c61a644d0d1",
                "sha256:e8a61f86103610e84e31969af3c7fd2e679481a7b7bb9df3afa80a13e0bb62ce",
                "sha256:eb3129fb7b7036d7b5a83eaa29df2ebca1feea4cac1e21d939b75d42039010bb",
                "sha256:edfa6721c99754213bf40454dd6872204f682489486a5d631e0306ec011478a7",
                "sha256:f389a201e6f3d98f0e980414dbbeb9cb7dde00b2b3985683ebd963bfa7b6091a",
                "sha256:fbdb22beb8b66a55a8a509813613b565b1f4f4df25787737ff123a8670ddb461",
                "sha256:fdfed3a5e93f3e0fc75e66d4fcdea481351f7de75b4e74cdb5153cbaf5abfeca",
                "sha256:fe58fe05c8e3805988f355c01111cce38bf5c428f3c042a8a5a6b94342843aeb"
            ],
            "markers": "platform_machine == 'x86_64' or platform_machine == 'AMD64' or platform_machine == 'aarch64'",
            "version": "==1.7.2"
        },
        "more-itertools": {
            "hashes": [
                "sha256:cabaa341ad0389ea83c17a94566a53ae4c9d07349861ecb14dc6d0345cf9ac5d",
                "sha256:d2bc7f02446e86a68911e58ded76d6561eea00cddfb2a91e7019bbb586c799f3"
            ],
            "index": "pypi",
            "markers": "python_version >= '3.7'",
            "version": "==9.1.0"
        },
        "orjson": {
            "hashes": [
                "sha256:06f6ab4697fab090517f295915318763a97a12ee8186054adf21c1e6f6abbd3d",
                "sha256:08927970365d2e1f3ce4894f9ff928a7b865d53f26768f1bbdd85dd4fee3e966",
                "sha256:09faf14f74ed47e773fa56833be118e04aa534956f661eb491522970b7478e3b",
                "sha256:0b53b5f72cf536dd8aa4fc4c95e7e09a7adb119f8ff8ee6cc60f735d7740ad6a",
                "sha256:0b7ab18d55ecb1de543d452f0a5f8094b52282b916aa4097ac11a4c79f317b86",
                "sha256:0fd828e0656615a711c4cc4da70f3cac142e66a6703ba876c20156a14e28e3fa",
                "sha256:103952c21575b9805803c98add2eaecd005580a1e746292ed2ec0d76dd3b9746",
                "sha256:125f63e56d38393daa0a1a6dc6fedefca16c538614b66ea5997c3bd3af35ef26",
                "sha256:15d28872fb055bf17ffca913826e618af61b2f689d2b170f72ecae1a86f80d52",
                "sha256:19f70ba1f441e1c4bb1a581f0baa092e8b3e3ce5b2aac2e1e090f0ac097966da",
                "sha256:1e4d905338f9ef32c67566929dfbfbb23cc80287af8a2c38930fb0eda3d40b76",
                "sha256:20f2804b5a1dbd3609c086041bd243519224d47716efd7429db6c03ed28b7cc3",
                "sha256:24d4ddaa2876e657c0fd32902b5c451fd2afc35159d66a58da7837357044b8c2",
                "sha256:2cb0121e6f2c9da3eddf049b99b95fef0adf8480ea7cb544ce858706cdf916eb",
                "sha256:31229f9d0b8dc2ef7ee7e4393f2e4433a28e16582d4b25afbfccc9d68dc768f8",
                "sha256:375d65f002e686212aac42680aed044872c45ee4bc656cf63d4a215137a6124a",
                "sha256:393d0697d1dfa18d27d193e980c04fdfb672c87f7765b87952f550521e21b627",
                "sha256:402f9d3edfec4560a98880224ec10eba4c5f7b4791e4bc0d4f4d8df5faf2a006",
                "sha256:46b4facc32643b2689dfc292c0c463985dac4b6ab504799cf51fc3c6959ed668",
                "sha256:4751cee4a7b1daeacb90a7f5adf2170ccab893c3ab7c5cea58b45a13f89b30b3",
                "sha256:48a27da6c7306965846565cc385611d03382bbd84120008653aa2f6741e2105d",
                "sha256:49c0d78dcd34626e2e934f1192d7c052b94e0ecadc5f386fd2bda6d2e03dadf5",
                "sha256:503eb86a8d53a187fe66aa80c69295a3ca35475804da89a9547e4fce5f803822",
                "sha256:5d1dbf36db7240c61eec98c8d21545d671bce70be0730deb2c0d772e06b71af3",
                "sha256:6d173d3921dd58a068c88ec22baea7dbc87a137411501618b1292a9d6252318e",
                "sha256:761b6efd33c49de20dd73ce64cc59da62c0dab10aa6015f582680e0663cc792c",
                "sha256:78d9a2a4b2302d5ebc3695498ebc305c3568e5ad4f3501eb30a6405a32d8af22",
                "sha256:80a1e384626f76b66df615f7bb622a79a25c166d08c5d2151ffd41f24c4cc104",
                "sha256:8515867713301fa065c58ec4c9053ba1a22c35113ab4acad555317b8fd802e50",
                "sha256:9e20bca5e13041e31ceba7a09bf142e6d63c8a7467f5a9c974f8c13377c75af2",
                "sha256:a4cc5d21e68af982d9a2528ac61e604f092c60eed27aef3324969c68f182ec7e",
                "sha256:ae47ef8c0fe89c4677db7e9e1fb2093ca6e66c3acbee5442d84d74e727edad5e",
                "sha256:c4434b7b786fdc394b95d029fb99949d7c2b05bbd4bf5cb5e3906be96ffeee3b",
                "sha256:d1c2b0b4246c992ce2529fc610a446b945f1429445ece1c1f826a234c829a918",
                "sha256:d3a40b0fbe06ccd4d6a99e523d20b47985655bcada8d1eba485b1b32a43e4904",
                "sha256:d4b68d01a506242316a07f1d2f29fb0a8b36cee30a7c35076f1ef59dce0890c1",
                "sha256:d4edee78503016f4df30aeede0d999b3cb11fb56f47e9db0e487bce0aaca9285",
                "sha256:d8ae0467d01eb1e4bcffef4486d964bfd1c2e608103e75f7074ed34be5df48cc",
                "sha256:d96747662d3666f79119e5d28c124e7d356c7dc195cd4b09faea4031c9079dc9",
                "sha256:d9dd4abe6c6fd352f00f4246d85228f6a9847d0cc14f4d54ee553718c225388f",
                "sha256:db373a25ec4a4fccf8186f9a72a1b3442837e40807a736a815ab42481e83b7d0",
                "sha256:db774344c39041f4801c7dfe03483df9203cbd6c84e601a65908e5552228dd25",
                "sha256:e186ae76b0d97c505500664193ddf508c13c1e675d9b25f1f4414a7606100da6",
                "sha256:ec53d648176f873203b9c700a0abacab33ca1ab595066e9d616f98cdc56f4434",
                "sha256:ec7c8a0f1bf35da0d5fd14f8956f3b82a9a6918a3c6963d718dfd414d6d3b604",
                "sha256:f9a744e212d4780ecd67f4b6b128b2e727bee1df03e7059cddb2dfe1083e7dc4"
            ],
            "markers": "python_version >= '3.7'",
            "version": "==3.9.1"
        },
        "pafpy": {
            "hashes": [
                "sha256:103d723c5701cf0d2aafdcf357c1a7fd5c2b80b61727783d4bfb57b0807d93f6",
                "sha256:5ecbbb6cf6b3f25e2a76d4dd02503f70bb5604523e11754646c6aace813daa74"
            ],
            "markers": "python_version >= '3.6' and python_version < '4.0'",
            "version": "==0.2.0"
        },
        "post-align": {
            "file": "https://github.com/hivdb/post-align/archive/cb28b83e2d9639960533f805f7dc2612ea63ddc6.zip"
        },
        "pygments": {
            "hashes": [
                "sha256:636cb2477cec7f8952536970bc533bc43743542f70392ae026374600add5b887",
                "sha256:86540386c03d588bb81d44bc3928634ff26449851e99741617ecb9037ee5ec0b"
            ],
            "index": "pypi",
            "markers": "python_version >= '3.8'",
            "version": "==2.19.2"
        },
        "pysam": {
            "hashes": [
                "sha256:013738cca990e235c56a7200ccfa9f105d7144ef34c2683c1ae8086ee030238b",
                "sha256:15945db1483fef9760f32cfa112af3c3b7d50d586edfaf245edce52b99bb5c25",
                "sha256:2310d72bfae7a0980d414156267e25b57aa221a768c11c087f3f7d00ceb9fed4",
                "sha256:2b6f6891684213e89ee679c5ac786b4e845e7d39d24f6ea0e4d8ed8be9c34f48",
                "sha256:2d3177c5b3e102bde297f86e079d23fa385ac88f16c4252502079ef368056d55",
                "sha256:3449070e0bbe716f9eccd3911d2482476478fbad63f739378d0203f470a446d6",
                "sha256:4099393fc5097b5081c7efaf46b0109e4f0a8ed18f86d497219a8bf739c73992",
                "sha256:456fb5f1a22001cb237fcc5b2ec03960979e5e18a3171c8e0a0116e02d86f31a",
                "sha256:4f04b9aa9b23d767fe36652eacb8370791e3b56816a7e50553d52c65ccdce77f",
                "sha256:513fa67af426e9e01f82653654e384d7774d81876d7dc3020ad7f72aa1d9c309",
                "sha256:5fd54146c0a5a41e37b67212e3b9b0c123b73d1dd2ba58082d21dc2236c1b290",
                "sha256:69f90c0867fe43f04004bcea963f6b2e68b39180afab54bf551f61f43856638b",
                "sha256:701843e5dc67c8eb217c3265039c699a5f83cce64fbc4225268141796e972353",
                "sha256:725a32970cf4ce322f4ab2a52b755163297027a0349f0d151537fe16bdf525e5",
                "sha256:735b938b809f0dc19a389cf3cee04fe7a451e21e2b20d3e45fa6bc23016ae21d",
                "sha256:7565c85fc636d75029ef4e133461c513a848c2d0ecd0489571f4fde1efa22d3b",
                "sha256:7ddbf573f0d3c650a03f2dcb4cdce50d536d380dbbc692f434b1cfa0cd7da4d2",
                "sha256:83f6f22995fa9b89b619f0d932a6714108d0dd1536fff684d3e02257c3f59b3a",
                "sha256:915bd2883eed08b16a41964a33923818e67166ca69a51086598d27287df6bb4f",
                "sha256:9b249367a4ad100e61afac9156bde6183c6119f2612bbd5d97ebe3153c643aed",
                "sha256:9bf6281fc4709125f5089b5c8f83ffcb1b911c4aa9c601a0a4f62beb1de82413",
                "sha256:9ebcb1f004b296fd139b103ec6fd7e415e80f89f194eb7d0d972ac6d11bbaf24",
                "sha256:a0b99d875f293fad0bd9c9c923e8910c03af62d291ebb7d20e69ceaf39e383d4",
                "sha256:a720cc0818aa84aca5ee4ef884fda82367598e77ec0c95d2050f670fb1fd0db5",
                "sha256:a7d6b3dcbf4756bd178e217fa391187edc5793f8f50c3034e585d1e4d282d29b",
                "sha256:a7e9c835126f94ff57199e2f58e61436e12e84d47077e70aac8aa03531c4cc71",
                "sha256:ad3cf30c6a48f3e2751a0b78d36c47cd4b272249cb6428be655b46473676d8f9",
                "sha256:b2e45983efea190d374fcda0b6e0c835d6e9e474e02694729f3b3a14d680fa62",
                "sha256:b721ae4c9118e0c27e1500be278c3b62022c886eeb913ecabc0463fdf98da38f",
                "sha256:b80f1092ba290b738d6ed230cc58cc75ca815fda441afe76cb4c25639aec7ee7",
                "sha256:bc391a099ca74a1134a1cf71812c8ddf9934ab9d6675f3a97fe299466f227a1f",
                "sha256:be2283f2ff15346d6ac10ba3b4370359ac3c1afc34b99bb0f2f39e715749cb8b",
                "sha256:c6cb7069dcecca3d40bbe4a6d5adea5cafe483c11854892dbabd6e10e5776049",
                "sha256:cb4c9c4eb245d643b60c7ec750d5554ebf17c6c9646f4f54439f94a3b3de15de",
                "sha256:d98ce73c07926d400c684773ce2521f03f78247a3dd6968c8206ba31b077b503",
                "sha256:ecf7cbc3d15c84cbc14a6c00af0f866b8f5e6b8ea3d2a496f18ad87adf55bcc5",
                "sha256:fd35287d2f8d243d6e54746e8cd5df3eb6239b016e51e20bbca1a2b6ef5899df"
            ],
            "index": "pypi",
            "markers": "python_version >= '3.8'",
            "version": "==0.23.3"
        },
        "pyyaml": {
            "hashes": [
                "sha256:01179a4a8559ab5de078078f37e5c1a30d76bb88519906844fd7bdea1b7729ff",
                "sha256:0833f8694549e586547b576dcfaba4a6b55b9e96098b36cdc7ebefe667dfed48",
                "sha256:0a9a2848a5b7feac301353437eb7d5957887edbf81d56e903999a75a3d743086",
                "sha256:0b69e4ce7a131fe56b7e4d770c67429700908fc0752af059838b1cfb41960e4e",
                "sha256:0ffe8360bab4910ef1b9e87fb812d8bc0a308b0d0eef8c8f44e0254ab3b07133",
                "sha256:11d8f3dd2b9c1207dcaf2ee0bbbfd5991f571186ec9cc78427ba5bd32afae4b5",
                "sha256:17e311b6c678207928d649faa7cb0d7b4c26a0ba73d41e99c4fff6b6c3276484",
                "sha256:1e2120ef853f59c7419231f3bf4e7021f1b936f6ebd222406c3b60212205d2ee",
                "sha256:1f71ea527786de97d1a0cc0eacd1defc0985dcf6b3f17bb77dcfc8c34bec4dc5",
                "sha256:23502f431948090f597378482b4812b0caae32c22213aecf3b55325e049a6c68",
                "sha256:24471b829b3bf607e04e88d79542a9d48bb037c2267d7927a874e6c205ca7e9a",
                "sha256:29717114e51c84ddfba879543fb232a6ed60086602313ca38cce623c1d62cfbf",
                "sha256:2e99c6826ffa974fe6e27cdb5ed0021786b03fc98e5ee3c5bfe1fd5015f42b99",
                "sha256:39693e1f8320ae4f43943590b49779ffb98acb81f788220ea932a6b6c51004d8",
                "sha256:3ad2a3decf9aaba3d29c8f537ac4b243e36bef957511b4766cb0057d32b0be85",
                "sha256:3b1fdb9dc17f5a7677423d508ab4f243a726dea51fa5e70992e59a7411c89d19",
                "sha256:41e4e3953a79407c794916fa277a82531dd93aad34e29c2a514c2c0c5fe971cc",
                "sha256:43fa96a3ca0d6b1812e01ced1044a003533c47f6ee8aca31724f78e93ccc089a",
                "sha256:50187695423ffe49e2deacb8cd10510bc361faac997de9efef88badc3bb9e2d1",
                "sha256:5ac9328ec4831237bec75defaf839f7d4564be1e6b25ac710bd1a96321cc8317",
                "sha256:5d225db5a45f21e78dd9358e58a98702a0302f2659a3c6cd320564b75b86f47c",
                "sha256:6395c297d42274772abc367baaa79683958044e5d3835486c16da75d2a694631",
                "sha256:688ba32a1cffef67fd2e9398a2efebaea461578b0923624778664cc1c914db5d",
                "sha256:68ccc6023a3400877818152ad9a1033e3db8625d899c72eacb5a668902e4d652",
                "sha256:70b189594dbe54f75ab3a1acec5f1e3faa7e8cf2f1e08d9b561cb41b845f69d5",
                "sha256:797b4f722ffa07cc8d62053e4cff1486fa6dc094105d13fea7b1de7d8bf71c9e",
                "sha256:7c36280e6fb8385e520936c3cb3b8042851904eba0e58d277dca80a5cfed590b",
                "sha256:7e7401d0de89a9a855c839bc697c079a4af81cf878373abd7dc625847d25cbd8",
                "sha256:80bab7bfc629882493af4aa31a4cfa43a4c57c83813253626916b8c7ada83476",
                "sha256:82d09873e40955485746739bcb8b4586983670466c23382c19cffecbf1fd8706",
                "sha256:8388ee1976c416731879ac16da0aff3f63b286ffdd57cdeb95f3f2e085687563",
                "sha256:8824b5a04a04a047e72eea5cec3bc266db09e35de6bdfe34c9436ac5ee27d237",
                "sha256:8b9c7197f7cb2738065c481a0461e50ad02f18c78cd75775628afb4d7137fb3b",
                "sha256:9056c1ecd25795207ad294bcf39f2db3d845767be0ea6e6a34d856f006006083",
                "sha256:936d68689298c36b53b29f23c6dbb74de12b4ac12ca6cfe0e047bedceea56180",
                "sha256:9b22676e8097e9e22e36d6b7bda33190d0d400f345f23d4065d48f4ca7ae0425",
                "sha256:a4d3091415f010369ae4ed1fc6b79def9416358877534caf6a0fdd2146c87a3e",
                "sha256:a8786accb172bd8afb8be14490a16625cbc387036876ab6ba70912730faf8e1f",
                "sha256:a9f8c2e67970f13b16084e04f134610fd1d374bf477b17ec1599185cf611d725",
                "sha256:bc2fa7c6b47d6bc618dd7fb02ef6fdedb1090ec036abab80d4681424b84c1183",
                "sha256:c70c95198c015b85feafc136515252a261a84561b7b1d51e3384e0655ddf25ab",
                "sha256:cc1c1159b3d456576af7a3e4d1ba7e6924cb39de8f67111c735f6fc832082774",
                "sha256:ce826d6ef20b1bc864f0a68340c8b3287705cae2f8b4b1d932177dcc76721725",
                "sha256:d584d9ec91ad65861cc08d42e834324ef890a082e591037abe114850ff7bbc3e",
                "sha256:d7fded462629cfa4b685c5416b949ebad6cec74af5e2d42905d41e257e0869f5",
                "sha256:d84a1718ee396f54f3a086ea0a66d8e552b2ab2017ef8b420e92edbc841c352d",
                "sha256:d8e03406cac8513435335dbab54c0d385e4a49e4945d2909a581c83647ca0290",
                "sha256:e10ce637b18caea04431ce14fabcf5c64a1c61ec9c56b071a4b7ca131ca52d44",
                "sha256:ec031d5d2feb36d1d1a24380e4db6d43695f3748343d99434e6f5f9156aaa2ed",
                "sha256:ef6107725bd54b262d6dedcc2af448a266975032bc85ef0172c5f059da6325b4",
                "sha256:efdca5630322a10774e8e98e1af481aad470dd62c3170801852d752aa7a783ba",
                "sha256:f753120cb8181e736c57ef7636e83f31b9c0d1722c516f7e86cf15b7aa57ff12",
                "sha256:ff3824dc5261f50c9b0dfb3be22b4567a6f938ccce4587b38952d85fd9e9afe4"
            ],
            "index": "pypi",
            "markers": "python_version >= '3.8'",
            "version": "==6.0.2"
        },
        "tqdm": {
            "hashes": [
                "sha256:26445eca388f82e72884e0d580d5464cd801a3ea01e63e5601bdff9ba6a48de2",
                "sha256:f8aef9c52c08c13a65f30ea34f4e5aac3fd1a34959879d7e59e63027286627f2"
            ],
            "index": "pypi",
            "markers": "python_version >= '3.7'",
            "version": "==4.67.1"
        },
        "typer": {
            "index": "pypi",
            "version": "==0.16.0"
        },
        "types-setuptools": {
            "hashes": [
                "sha256:6df73340d96b238a4188b7b7668814b37e8018168aef1eef94a3b1872e3f60ff",
                "sha256:95c9ed61871d6c0e258433373a4e1753c0a7c3627a46f4d4058c7b5a08ab844f"
            ],
            "version": "==67.8.0.0"
        },
        "typing-extensions": {
            "hashes": [
                "sha256:38b39f4aeeab64884ce9f74c94263ef78f3c22467c8724005483154c26648d36",
                "sha256:d1e1e3b58374dc93031d6eda2420a48ea44a36c2b4766a4fdeb3710755731d76"
            ],
            "index": "pypi",
            "markers": "python_version >= '3.9'",
            "version": "==4.14.1"
        },
        "urllib3": {
            "hashes": [
                "sha256:3fc47733c7e419d4bc3f6b3dc2b4f890bb743906a30d56ba4a5bfa4bbff92760",
                "sha256:e6b01673c0fa6a13e374b50871808eb3bf7046c4b125b216f6bf1cc604cff0dc"
            ],
            "index": "pypi",
            "markers": "python_version >= '3.9'",
            "version": "==2.5.0"
        },
        "xopen": {
            "hashes": [
                "sha256:74e7f7fb7e7f42bd843c798595fa5a52086d7d1bf3de0e8513c6615516431313",
                "sha256:f19d83de470f5a81725df0140180ec71d198311a1d7dad48f5467b4ad5df6154"
            ],
            "markers": "python_version >= '3.8'",
            "version": "==2.0.2"
        },
        "zlib-ng": {
            "hashes": [
                "sha256:030d6cead51bb5a38826fca1bd4bd2cec927bb949c3eefb004aa4fc55af5cfe7",
                "sha256:086d8ecbbe596fc2bacd52979548950ee48f61d294a1c8a1ea091afc14927e09",
                "sha256:0aa641675f5cd3737c1d9d4ba3e0395308516afb41a097da61a786e4d7a6faa1",
                "sha256:12307a1f69aa983287957b37e0fbf629a0d803e8fca791b27d2ef143e306fda0",
                "sha256:1590c93375c001ff36c66bcc7f1bb2179dc3db9e6d0fa94c3afa5e0f0eef682f",
                "sha256:19eeddb988f6d76e8031ab8aab1dcc03f13abd308ccc16d79b852d3b8057b5cd",
                "sha256:1be5a5513876cd0a071bbb0fc333eb00bc9c25399f2b863e329dfe6ac4cf6455",
                "sha256:26aa95c53e16dcb24d26f5434627e0edc779aa7857be38058c7d9fbbbf9ca9f6",
                "sha256:2b8d32a1c296f72e455784ed594c67c9a55e90bd036b4e2ef6621263ec37a481",
                "sha256:32a46649e8efc21ddd74776a55366a8d8be4e3a95b93dc1f0ffe3880718990d9",
                "sha256:39b2508b7806e47bbb85a8011b881eebd7d9ea104adb3328caa163dbca1440e5",
                "sha256:3c7e140744440d23e70719d2a299a61a4c20a179c7e94b42ae833a9e13220afc",
                "sha256:3deacc849310854409fccd0be09f0bd4a9f3a82fb5f03f7d41ae9f7cda8ae92e",
                "sha256:4178acbe1f6ed313626d7b6463e13f2c32be67fed055ce404d5d4b2ab9b4fc4f",
                "sha256:4333a177e3818c2eb36aa62ca0c7a34010e2f7fbd28bb2f2cee68ce4f2cfcb2e",
                "sha256:49119be5d677fe78b6841944e78ab8afbc9b65ac7e2d1d32666f0ce1e4fa39d9",
                "sha256:49f01c225cfee0654273a77b4a1a2f82af8c16b2b5181f82166b10615d003129",
                "sha256:4de0cf51d8ce333f8395efb03f5bdb1395657dc79be02391ebbd815fb963ef10",
                "sha256:51474eedebb9a3f173bcaf7c2c05284045be1cf7daf55d8506f2cfadb66366a9",
                "sha256:521b352372916ab40caa03e655ae49f503a2130e73343c8eb2043c57cdf99e8e",
                "sha256:54e6797933adf61f59d77485c781c30ab16abc7a293642f8563086a9613ee8f1",
                "sha256:5c53836db4cf729e0c85173958f81ae87f2d83fdc7fb967e87fefa08492f2d5f",
                "sha256:5c5d5cab84a51f6373a4be4b7d0c8e7b25242820e5a2857da338a84c6616e9b8",
                "sha256:5dbee987bca1f5d6cd612c388cecee5334572b47f6730e90d371863472ab4cc9",
                "sha256:5ecab68fefad5ac233e4a0bfa0e401ed9897f5e950bad4dee31dfb53be10fa24",
                "sha256:677e5894ddc50e5a5ad867992744bd4dd54372afb44c4718c6417924241ddcc5",
                "sha256:698f782cc415e76f95f06c4473b6dac4446dc664dee42d5237ac7018fc07aedc",
                "sha256:69ed5e4319732988c80d8f85d2171330e14f2f4cbad00f26a191ffcc92a334c3",
                "sha256:6cd0fd5f1a84249cc78c2a7746289c66e1dbbc40c1eded91c1e09a5dc6d8d02b",
                "sha256:8082762fd90ee71ccb8afc80f077aa34a5c7d3822a7fa1db9fccc0a0bc0815ba",
                "sha256:808d749ad0b2c6942755760c1f17655c8106f78f6d9e4729eb5486361715fca8",
                "sha256:81e9049755e1db834594e7831b0de52c4755cdfc0c223cf6733285a30d0fdc8a",
                "sha256:8459b6ef8358e1edc08e3ce2a7ad6771549c4a93967a2ebb6b1138a97a115b81",
                "sha256:8a0ccc5cd3c47d85ec1d1f245a608e51ac0bab80f9b24544ef1117126db1c226",
                "sha256:91b85730e303ef239c3c361cc02023c61eb2739126be1f0e36f5a1f311d2d4f4",
                "sha256:9827b85093066afb1b3f8c3a662e2f6953bd1c07e7ae70a558ea6b8adcc898b9",
                "sha256:9a951c202086a004bbc9bbfa000f19a8436a3b064257981b2140c7baa0d5a6c0",
                "sha256:9f8bc77bbe43745e558d7a868d216826f7d8c64146111067fb7bc039df10f744",
                "sha256:a10b2da0890afce007d71277fb5429f563b0e1bbbda7bd91d4e156658d79a0b7",
                "sha256:a9589f7a5f0a9ca9af57a8a7df088ec9d5535ee4a10507978634ce2a158b7fea",
                "sha256:ace2898396a3bf4773693bc22e4f1659274551cb162335f2cae6df425b397292",
                "sha256:b0b51e1d2c01755c79aa45c66601adc1d8a0671d2a71ce93ff06bfeeeb8b8493",
                "sha256:b362d878d82a8f66856ca5557973758a73e661ee6beb80be5427aa89d9dcab29",
                "sha256:b3c6f83c3069121bb0fefb2ec22ec265ec9d450243ff3033e556459167942e71",
                "sha256:bcc37f32477747bbf68073ca54f277ef09d320fb50d7634e66db72f7221c9881",
                "sha256:c347663989f3d3d7bb3a635da893c8a90b20b1f3edaaedb037638de3a50c8ab3",
                "sha256:cef7d3e5b27de0d82d14e343bfbc8866d7a32bb4565a036247d39a8a2c5e1516",
                "sha256:cfa63c08af2eef138e6c1403ad9302ff5b3fd30c4b116534bc60c3d6b79bf76a",
                "sha256:dccd1134ecffa7b7f33ba54432ea0ef431348fd1493387bb2d06f0fc0be686e4",
                "sha256:de0c57e7bae5ea0cce01e8192362726d8471a35353426483974cb2abb86f4a70",
                "sha256:e16ed25141dd4eaba0c8815cacf9e16cf22221b467c412c2a5302840f1dc2a08",
                "sha256:e19469536b5e87bf9e4f11ae1e83024b2a9fa03f251f40e63fb6e4fd4e9f5265",
                "sha256:ea0b07ff83e253d83e25113fc81f695b9161882de3a65d547ab96f394cf03f5c",
                "sha256:ea5993d1999c4a70b1d4121e8f438cb28338af2afaa52c57d1393b343d15051c",
                "sha256:f707d5c3e22242abff72d155e3fc82927cdd65d9f6a10f29d03706d3ecec8b51",
                "sha256:fa5400b8937630a40252fe0b13bb1a190bef9c5b3db7fca1fc6024cf60c0c3b9",
                "sha256:fdee7dc210ffef59b5237d3c705cef613415e67549f41568e2b4e7e712d17747"
            ],
            "markers": "platform_machine == 'x86_64' or platform_machine == 'AMD64' or platform_machine == 'aarch64'",
            "version": "==0.5.1"
        }
    },
    "develop": {}
}